
Microsoft Visual Studio Solution File, Format Version 12.00
# Visual Studio Version 16
VisualStudioVersion = 16.0.29926.136
MinimumVisualStudioVersion = 10.0.40219.1
Project("{FAE04EC0-301F-11D3-BF4B-00C04F79EFBC}") = "asguardCollector", "asguardCollector\asguardCollector.csproj", "{B1C356BD-0E1E-4A75-931B-FF5E1D1B0C7A}"
EndProject
Global
	GlobalSection(SolutionConfigurationPlatforms) = preSolution
		Debug|Any CPU = Debug|Any CPU
		Release|Any CPU = Release|Any CPU
	EndGlobalSection
	GlobalSection(ProjectConfigurationPlatforms) = postSolution
		{B1C356BD-0E1E-4A75-931B-FF5E1D1B0C7A}.Debug|Any CPU.ActiveCfg = Debug|Any CPU
		{B1C356BD-0E1E-4A75-931B-FF5E1D1B0C7A}.Debug|Any CPU.Build.0 = Debug|Any CPU
		{B1C356BD-0E1E-4A75-931B-FF5E1D1B0C7A}.Release|Any CPU.ActiveCfg = Release|Any CPU
		{B1C356BD-0E1E-4A75-931B-FF5E1D1B0C7A}.Release|Any CPU.Build.0 = Release|Any CPU
	EndGlobalSection
	GlobalSection(SolutionProperties) = preSolution
		HideSolutionNode = FALSE
	EndGlobalSection
	GlobalSection(ExtensibilityGlobals) = postSolution
		SolutionGuid = {F0B9EDAF-0DD8-4141-BF51-5E1FC62F49BD}
	EndGlobalSection
EndGlobal
